
Microsoft Visual Studio Solution File, Format Version 12.00
# Visual Studio Version 17
VisualStudioVersion = 17.2.32526.322
MinimumVisualStudioVersion = 10.0.40219.1
Project("{FAE04EC0-301F-11D3-BF4B-00C04F79EFBC}") = "8 uslovniy operator", "8 uslovniy operator\8 uslovniy operator.csproj", "{143CD166-237F-4BBA-85F7-24C6611903CA}"
EndProject
Global
	GlobalSection(SolutionConfigurationPlatforms) = preSolution
		Debug|Any CPU = Debug|Any CPU
		Release|Any CPU = Release|Any CPU
	EndGlobalSection
	GlobalSection(ProjectConfigurationPlatforms) = postSolution
		{143CD166-237F-4BBA-85F7-24C6611903CA}.Debug|Any CPU.ActiveCfg = Debug|Any CPU
		{143CD166-237F-4BBA-85F7-24C6611903CA}.Debug|Any CPU.Build.0 = Debug|Any CPU
		{143CD166-237F-4BBA-85F7-24C6611903CA}.Release|Any CPU.ActiveCfg = Release|Any CPU
		{143CD166-237F-4BBA-85F7-24C6611903CA}.Release|Any CPU.Build.0 = Release|Any CPU
	EndGlobalSection
	GlobalSection(SolutionProperties) = preSolution
		HideSolutionNode = FALSE
	EndGlobalSection
	GlobalSection(ExtensibilityGlobals) = postSolution
		SolutionGuid = {BD682783-3201-4C8D-98A0-AD2C895B3AFC}
	EndGlobalSection
EndGlobal
